// !$*UTF8*$!
{
	archiveVersion = 1;
	classes = {
	};
	objectVersion = 46;
	objects = {

/* Begin PBXBuildFile section */
		A638C50C1E6B11E000ACE637 /* AppDelegate.swift in Sources */ = {isa = PBXBuildFile; fileRef = A638C50B1E6B11E000ACE637 /* AppDelegate.swift */; };
		A638C50E1E6B11E000ACE637 /* ViewController.swift in Sources */ = {isa = PBXBuildFile; fileRef = A638C50D1E6B11E000ACE637 /* ViewController.swift */; };
		A638C5111E6B11E000ACE637 /* Main.storyboard in Resources */ = {isa = PBXBuildFile; fileRef = A638C50F1E6B11E000ACE637 /* Main.storyboard */; };
		A638C5131E6B11E000ACE637 /* Assets.xcassets in Resources */ = {isa = PBXBuildFile; fileRef = A638C5121E6B11E000ACE637 /* Assets.xcassets */; };
		A638C5161E6B11E000ACE637 /* LaunchScreen.storyboard in Resources */ = {isa = PBXBuildFile; fileRef = A638C5141E6B11E000ACE637 /* LaunchScreen.storyboard */; };
/* End PBXBuildFile section */

/* Begin PBXFileReference section */
		A638C5081E6B11E000ACE637 /* Tip Calculator.app */ = {isa = PBXFileReference; explicitFileType = wrapper.application; includeInIndex = 0; path = "Tip Calculator.app"; sourceTree = BUILT_PRODUCTS_DIR; };
		A638C50B1E6B11E000ACE637 /* AppDelegate.swift */ = {isa = PBXFileReference; lastKnownFileType = sourcecode.swift; path = AppDelegate.swift; sourceTree = "<group>"; };
		A638C50D1E6B11E000ACE637 /* ViewController.swift */ = {isa = PBXFileReference; lastKnownFileType = sourcecode.swift; path = ViewController.swift; sourceTree = "<group>"; };
		A638C5101E6B11E000ACE637 /* Base */ = {isa = PBXFileReference; lastKnownFileType = file.storyboard; name = Base; path = Base.lproj/Main.storyboard; sourceTree = "<group>"; };
		A638C5121E6B11E000ACE637 /* Assets.xcassets */ = {isa = PBXFileReference; lastKnownFileType = folder.assetcatalog; path = Assets.xcassets; sourceTree = "<group>"; };
		A638C5151E6B11E000ACE637 /* Base */ = {isa = PBXFileReference; lastKnownFileType = file.storyboard; name = Base; path = Base.lproj/LaunchScreen.storyboard; sourceTree = "<group>"; };
		A638C5171E6B11E000ACE637 /* Info.plist */ = {isa = PBXFileReference; lastKnownFileType = text.plist.xml; path = Info.plist; sourceTree = "<group>"; };
/* End PBXFileReference section */

/* Begin PBXFrameworksBuildPhase section */
		A638C5051E6B11E000ACE637 /* Frameworks */ = {
			isa = PBXFrameworksBuildPhase;
			buildActionMask = 2147483647;
			files = (
			);
			runOnlyForDeploymentPostprocessing = 0;
		};
/* End PBXFrameworksBuildPhase section */

/* Begin PBXGroup section */
		A638C4FF1E6B11E000ACE637 = {
			isa = PBXGroup;
			children = (
				A638C50A1E6B11E000ACE637 /* Tip Calculator */,
				A638C5091E6B11E000ACE637 /* Products */,
			);
			sourceTree = "<group>";
		};
		A638C5091E6B11E000ACE637 /* Products */ = {
			isa = PBXGroup;
			children = (
				A638C5081E6B11E000ACE637 /* Tip Calculator.app */,
			);
			name = Products;
			sourceTree = "<group>";
		};
		A638C50A1E6B11E000ACE637 /* Tip Calculator */ = {
			isa = PBXGroup;
			children = (
				A638C50B1E6B11E000ACE637 /* AppDelegate.swift */,
				A638C50D1E6B11E000ACE637 /* ViewController.swift */,
				A638C50F1E6B11E000ACE637 /* Main.storyboard */,
				A638C5121E6B11E000ACE637 /* Assets.xcassets */,
				A638C5141E6B11E000ACE637 /* LaunchScreen.storyboard */,
				A638C5171E6B11E000ACE637 /* Info.plist */,
			);
			path = "Tip Calculator";
			sourceTree = "<group>";
		};
/* End PBXGroup section */

/* Begin PBXNativeTarget section */
		A638C5071E6B11E000ACE637 /* Tip Calculator */ = {
			isa = PBXNativeTarget;
			buildConfigurationList = A638C51A1E6B11E000ACE637 /* Build configuration list for PBXNativeTarget "Tip Calculator" */;
			buildPhases = (
				A638C5041E6B11E000ACE637 /* Sources */,
				A638C5051E6B11E000ACE637 /* Frameworks */,
				A638C5061E6B11E000ACE637 /* Resources */,
			);
			buildRules = (
			);
			dependencies = (
			);
			name = "Tip Calculator";
			productName = "Tip Calculator";
			productReference = A638C5081E6B11E000ACE637 /* Tip Calculator.app */;
			productType = "com.apple.product-type.application";
		};
/* End PBXNativeTarget section */

/* Begin PBXProject section */
		A638C5001E6B11E000ACE637 /* Project object */ = {
			isa = PBXProject;
			attributes = {
				LastSwiftUpdateCheck = 0730;
				LastUpgradeCheck = 0730;
				ORGANIZATIONNAME = "Vaed Prasad";
				TargetAttributes = {
					A638C5071E6B11E000ACE637 = {
						CreatedOnToolsVersion = 7.3;
					};
				};
			};
			buildConfigurationList = A638C5031E6B11E000ACE637 /* Build configuration list for PBXProject "Tip Calculator" */;
			compatibilityVersion = "Xcode 3.2";
			developmentRegion = English;
			hasScannedForEncodings = 0;
			knownRegions = (
				en,
				Base,
			);
			mainGroup = A638C4FF1E6B11E000ACE637;
			productRefGroup = A638C5091E6B11E000ACE637 /* Products */;
			projectDirPath = "";
			projectRoot = "";
			targets = (
				A638C5071E6B11E000ACE637 /* Tip Calculator */,
			);
		};
/* End PBXProject section */

/* Begin PBXResourcesBuildPhase section */
		A638C5061E6B11E000ACE637 /* Resources */ = {
			isa = PBXResourcesBuildPhase;
			buildActionMask = 2147483647;
			files = (
				A638C5161E6B11E000ACE637 /* LaunchScreen.storyboard in Resources */,
				A638C5131E6B11E000ACE637 /* Assets.xcassets in Resources */,
				A638C5111E6B11E000ACE637 /* Main.storyboard in Resources */,
			);
			runOnlyForDeploymentPostprocessing = 0;
		};
/* End PBXResourcesBuildPhase section */

/* Begin PBXSourcesBuildPhase section */
		A638C5041E6B11E000ACE637 /* Sources */ = {
			isa = PBXSourcesBuildPhase;
			buildActionMask = 2147483647;
			files = (
				A638C50E1E6B11E000ACE637 /* ViewController.swift in Sources */,
				A638C50C1E6B11E000ACE637 /* AppDelegate.swift in Sources */,
			);
			runOnlyForDeploymentPostprocessing = 0;
		};
/* End PBXSourcesBuildPhase section */

/* Begin PBXVariantGroup section */
		A638C50F1E6B11E000ACE637 /* Main.storyboard */ = {
			isa = PBXVariantGroup;
			children = (
				A638C5101E6B11E000ACE637 /* Base */,
			);
			name = Main.storyboard;
			sourceTree = "<group>";
		};
		A638C5141E6B11E000ACE637 /* LaunchScreen.storyboard */ = {
			isa = PBXVariantGroup;
			children = (
				A638C5151E6B11E000ACE637 /* Base */,
			);
			name = LaunchScreen.storyboard;
			sourceTree = "<group>";
		};
/* End PBXVariantGroup section */

/* Begin XCBuildConfiguration section */
		A638C5181E6B11E000ACE637 /* Debug */ = {
			isa = XCBuildConfiguration;
			buildSettings = {
				ALWAYS_SEARCH_USER_PATHS = NO;
				CLANG_ANALYZER_NONNULL = YES;
				CLANG_CXX_LANGUAGE_STANDARD = "gnu++0x";
				CLANG_CXX_LIBRARY = "libc++";
				CLANG_ENABLE_MODULES = YES;
				CLANG_ENABLE_OBJC_ARC = YES;
				CLANG_WARN_BOOL_CONVERSION = YES;
				CLANG_WARN_CONSTANT_CONVERSION = YES;
				CLANG_WARN_DIRECT_OBJC_ISA_USAGE = YES_ERROR;
				CLANG_WARN_EMPTY_BODY = YES;
				CLANG_WARN_ENUM_CONVERSION = YES;
				CLANG_WARN_INT_CONVERSION = YES;
				CLANG_WARN_OBJC_ROOT_CLASS = YES_ERROR;
				CLANG_WARN_UNREACHABLE_CODE = YES;
				CLANG_WARN__DUPLICATE_METHOD_MATCH = YES;
				"CODE_SIGN_IDENTITY[sdk=iphoneos*]" = "iPhone Developer";
				COPY_PHASE_STRIP = NO;
				DEBUG_INFORMATION_FORMAT = dwarf;
				ENABLE_STRICT_OBJC_MSGSEND = YES;
				ENABLE_TESTABILITY = YES;
				GCC_C_LANGUAGE_STANDARD = gnu99;
				GCC_DYNAMIC_NO_PIC = NO;
				GCC_NO_COMMON_BLOCKS = YES;
				GCC_OPTIMIZATION_LEVEL = 0;
				GCC_PREPROCESSOR_DEFINITIONS = (
					"DEBUG=1",
					"$(inherited)",
				);
				GCC_WARN_64_TO_32_BIT_CONVERSION = YES;
				GCC_WARN_ABOUT_RETURN_TYPE = YES_ERROR;
				GCC_WARN_UNDECLARED_SELECTOR = YES;
				GCC_WARN_UNINITIALIZED_AUTOS = YES_AGGRESSIVE;
				GCC_WARN_UNUSED_FUNCTION = YES;
				GCC_WARN_UNUSED_VARIABLE = YES;
				IPHONEOS_DEPLOYMENT_TARGET = 9.3;
				MTL_ENABLE_DEBUG_INFO = YES;
				ONLY_ACTIVE_ARCH = YES;
				SDKROOT = iphoneos;
				SWIFT_OPTIMIZATION_LEVEL = "-Onone";
			};
			name = Debug;
		};
		A638C5191E6B11E000ACE637 /* Release */ = {
			isa = XCBuildConfiguration;
			buildSettings = {
				ALWAYS_SEARCH_USER_PATHS = NO;
				CLANG_ANALYZER_NONNULL = YES;
				CLANG_CXX_LANGUAGE_STANDARD = "gnu++0x";
				CLANG_CXX_LIBRARY = "libc++";
				CLANG_ENABLE_MODULES = YES;
				CLANG_ENABLE_OBJC_ARC = YES;
				CLANG_WARN_BOOL_CONVERSION = YES;
				CLANG_WARN_CONSTANT_CONVERSION = YES;
				CLANG_WARN_DIRECT_OBJC_ISA_USAGE = YES_ERROR;
				CLANG_WARN_EMPTY_BODY = YES;
				CLANG_WARN_ENUM_CONVERSION = YES;
				CLANG_WARN_INT_CONVERSION = YES;
				CLANG_WARN_OBJC_ROOT_CLASS = YES_ERROR;
				CLANG_WARN_UNREACHABLE_CODE = YES;
				CLANG_WARN__DUPLICATE_METHOD_MATCH = YES;
				"CODE_SIGN_IDENTITY[sdk=iphoneos*]" = "iPhone Developer";
				COPY_PHASE_STRIP = NO;
				DEBUG_INFORMATION_FORMAT = "dwarf-with-dsym";
				ENABLE_NS_ASSERTIONS = NO;
				ENABLE_STRICT_OBJC_MSGSEND = YES;
				GCC_C_LANGUAGE_STANDARD = gnu99;
				GCC_NO_COMMON_BLOCKS = YES;
				GCC_WARN_64_TO_32_BIT_CONVERSION = YES;
				GCC_WARN_ABOUT_RETURN_TYPE = YES_ERROR;
				GCC_WARN_UNDECLARED_SELECTOR = YES;
				GCC_WARN_UNINITIALIZED_AUTOS = YES_AGGRESSIVE;
				GCC_WARN_UNUSED_FUNCTION = YES;
				GCC_WARN_UNUSED_VARIABLE = YES;
				IPHONEOS_DEPLOYMENT_TARGET = 9.3;
				MTL_ENABLE_DEBUG_INFO = NO;
				SDKROOT = iphoneos;
				VALIDATE_PRODUCT = YES;
			};
			name = Release;
		};
		A638C51B1E6B11E000ACE637 /* Debug */ = {
			isa = XCBuildConfiguration;
			buildSettings = {
				ASSETCATALOG_COMPILER_APPICON_NAME = AppIcon;
				INFOPLIST_FILE = "Tip Calculator/Info.plist";
				LD_RUNPATH_SEARCH_PATHS = "$(inherited) @executable_path/Frameworks";
				PRODUCT_BUNDLE_IDENTIFIER = "vaedprasad.Tip-Calculator";
				PRODUCT_NAME = "$(TARGET_NAME)";
			};
			name = Debug;
		};
		A638C51C1E6B11E000ACE637 /* Release */ = {
			isa = XCBuildConfiguration;
			buildSettings = {
				ASSETCATALOG_COMPILER_APPICON_NAME = AppIcon;
				INFOPLIST_FILE = "Tip Calculator/Info.plist";
				LD_RUNPATH_SEARCH_PATHS = "$(inherited) @executable_path/Frameworks";
				PRODUCT_BUNDLE_IDENTIFIER = "vaedprasad.Tip-Calculator";
				PRODUCT_NAME = "$(TARGET_NAME)";
			};
			name = Release;
		};
/* End XCBuildConfiguration section */

/* Begin XCConfigurationList section */
		A638C5031E6B11E000ACE637 /* Build configuration list for PBXProject "Tip Calculator" */ = {
			isa = XCConfigurationList;
			buildConfigurations = (
				A638C5181E6B11E000ACE637 /* Debug */,
				A638C5191E6B11E000ACE637 /* Release */,
			);
			defaultConfigurationIsVisible = 0;
			defaultConfigurationName = Release;
		};
		A638C51A1E6B11E000ACE637 /* Build configuration list for PBXNativeTarget "Tip Calculator" */ = {
			isa = XCConfigurationList;
			buildConfigurations = (
				A638C51B1E6B11E000ACE637 /* Debug */,
				A638C51C1E6B11E000ACE637 /* Release */,
			);
			defaultConfigurationIsVisible = 0;
		};
/* End XCConfigurationList section */
	};
	rootObject = A638C5001E6B11E000ACE637 /* Project object */;
}
