// !$*UTF8*$!
{
	archiveVersion = 1;
	classes = {
	};
	objectVersion = 46;
	objects = {

/* Begin PBXBuildFile section */
		A6DE96D91E6B385500595E70 /* AppDelegate.swift in Sources */ = {isa = PBXBuildFile; fileRef = A6DE96D81E6B385500595E70 /* AppDelegate.swift */; };
		A6DE96DB1E6B385500595E70 /* ViewController.swift in Sources */ = {isa = PBXBuildFile; fileRef = A6DE96DA1E6B385500595E70 /* ViewController.swift */; };
		A6DE96E01E6B385500595E70 /* Assets.xcassets in Resources */ = {isa = PBXBuildFile; fileRef = A6DE96DF1E6B385500595E70 /* Assets.xcassets */; };
		A6DE96E31E6B385500595E70 /* LaunchScreen.storyboard in Resources */ = {isa = PBXBuildFile; fileRef = A6DE96E11E6B385500595E70 /* LaunchScreen.storyboard */; };
		A6DE96EB1E6B48EB00595E70 /* ShowItemViewController.swift in Sources */ = {isa = PBXBuildFile; fileRef = A6DE96EA1E6B48EB00595E70 /* ShowItemViewController.swift */; };
		A6DE96F11E6B4EA800595E70 /* Main.storyboard in Resources */ = {isa = PBXBuildFile; fileRef = A6DE96EF1E6B4EA800595E70 /* Main.storyboard */; };
/* End PBXBuildFile section */

/* Begin PBXFileReference section */
		A6DE96D51E6B385500595E70 /* Grocery List.app */ = {isa = PBXFileReference; explicitFileType = wrapper.application; includeInIndex = 0; path = "Grocery List.app"; sourceTree = BUILT_PRODUCTS_DIR; };
		A6DE96D81E6B385500595E70 /* AppDelegate.swift */ = {isa = PBXFileReference; lastKnownFileType = sourcecode.swift; path = AppDelegate.swift; sourceTree = "<group>"; };
		A6DE96DA1E6B385500595E70 /* ViewController.swift */ = {isa = PBXFileReference; lastKnownFileType = sourcecode.swift; path = ViewController.swift; sourceTree = "<group>"; };
		A6DE96DF1E6B385500595E70 /* Assets.xcassets */ = {isa = PBXFileReference; lastKnownFileType = folder.assetcatalog; path = Assets.xcassets; sourceTree = "<group>"; };
		A6DE96E21E6B385500595E70 /* Base */ = {isa = PBXFileReference; lastKnownFileType = file.storyboard; name = Base; path = Base.lproj/LaunchScreen.storyboard; sourceTree = "<group>"; };
		A6DE96E41E6B385500595E70 /* Info.plist */ = {isa = PBXFileReference; lastKnownFileType = text.plist.xml; path = Info.plist; sourceTree = "<group>"; };
		A6DE96EA1E6B48EB00595E70 /* ShowItemViewController.swift */ = {isa = PBXFileReference; fileEncoding = 4; lastKnownFileType = sourcecode.swift; path = ShowItemViewController.swift; sourceTree = "<group>"; };
		A6DE96F01E6B4EA800595E70 /* Base */ = {isa = PBXFileReference; lastKnownFileType = file.storyboard; name = Base; path = Base.lproj/Main.storyboard; sourceTree = "<group>"; };
/* End PBXFileReference section */

/* Begin PBXFrameworksBuildPhase section */
		A6DE96D21E6B385500595E70 /* Frameworks */ = {
			isa = PBXFrameworksBuildPhase;
			buildActionMask = 2147483647;
			files = (
			);
			runOnlyForDeploymentPostprocessing = 0;
		};
/* End PBXFrameworksBuildPhase section */

/* Begin PBXGroup section */
		A6DE96CC1E6B385500595E70 = {
			isa = PBXGroup;
			children = (
				A6DE96D71E6B385500595E70 /* Grocery List */,
				A6DE96D61E6B385500595E70 /* Products */,
			);
			sourceTree = "<group>";
		};
		A6DE96D61E6B385500595E70 /* Products */ = {
			isa = PBXGroup;
			children = (
				A6DE96D51E6B385500595E70 /* Grocery List.app */,
			);
			name = Products;
			sourceTree = "<group>";
		};
		A6DE96D71E6B385500595E70 /* Grocery List */ = {
			isa = PBXGroup;
			children = (
				A6DE96D81E6B385500595E70 /* AppDelegate.swift */,
				A6DE96DA1E6B385500595E70 /* ViewController.swift */,
				A6DE96EA1E6B48EB00595E70 /* ShowItemViewController.swift */,
				A6DE96DF1E6B385500595E70 /* Assets.xcassets */,
				A6DE96E11E6B385500595E70 /* LaunchScreen.storyboard */,
				A6DE96EF1E6B4EA800595E70 /* Main.storyboard */,
				A6DE96E41E6B385500595E70 /* Info.plist */,
			);
			path = "Grocery List";
			sourceTree = "<group>";
		};
/* End PBXGroup section */

/* Begin PBXNativeTarget section */
		A6DE96D41E6B385500595E70 /* Grocery List */ = {
			isa = PBXNativeTarget;
			buildConfigurationList = A6DE96E71E6B385500595E70 /* Build configuration list for PBXNativeTarget "Grocery List" */;
			buildPhases = (
				A6DE96D11E6B385500595E70 /* Sources */,
				A6DE96D21E6B385500595E70 /* Frameworks */,
				A6DE96D31E6B385500595E70 /* Resources */,
			);
			buildRules = (
			);
			dependencies = (
			);
			name = "Grocery List";
			productName = "Grocery List";
			productReference = A6DE96D51E6B385500595E70 /* Grocery List.app */;
			productType = "com.apple.product-type.application";
		};
/* End PBXNativeTarget section */

/* Begin PBXProject section */
		A6DE96CD1E6B385500595E70 /* Project object */ = {
			isa = PBXProject;
			attributes = {
				LastSwiftUpdateCheck = 0730;
				LastUpgradeCheck = 0730;
				ORGANIZATIONNAME = "Vaed Prasad";
				TargetAttributes = {
					A6DE96D41E6B385500595E70 = {
						CreatedOnToolsVersion = 7.3;
					};
				};
			};
			buildConfigurationList = A6DE96D01E6B385500595E70 /* Build configuration list for PBXProject "Grocery List" */;
			compatibilityVersion = "Xcode 3.2";
			developmentRegion = English;
			hasScannedForEncodings = 0;
			knownRegions = (
				en,
				Base,
			);
			mainGroup = A6DE96CC1E6B385500595E70;
			productRefGroup = A6DE96D61E6B385500595E70 /* Products */;
			projectDirPath = "";
			projectRoot = "";
			targets = (
				A6DE96D41E6B385500595E70 /* Grocery List */,
			);
		};
/* End PBXProject section */

/* Begin PBXResourcesBuildPhase section */
		A6DE96D31E6B385500595E70 /* Resources */ = {
			isa = PBXResourcesBuildPhase;
			buildActionMask = 2147483647;
			files = (
				A6DE96F11E6B4EA800595E70 /* Main.storyboard in Resources */,
				A6DE96E31E6B385500595E70 /* LaunchScreen.storyboard in Resources */,
				A6DE96E01E6B385500595E70 /* Assets.xcassets in Resources */,
			);
			runOnlyForDeploymentPostprocessing = 0;
		};
/* End PBXResourcesBuildPhase section */

/* Begin PBXSourcesBuildPhase section */
		A6DE96D11E6B385500595E70 /* Sources */ = {
			isa = PBXSourcesBuildPhase;
			buildActionMask = 2147483647;
			files = (
				A6DE96EB1E6B48EB00595E70 /* ShowItemViewController.swift in Sources */,
				A6DE96DB1E6B385500595E70 /* ViewController.swift in Sources */,
				A6DE96D91E6B385500595E70 /* AppDelegate.swift in Sources */,
			);
			runOnlyForDeploymentPostprocessing = 0;
		};
/* End PBXSourcesBuildPhase section */

/* Begin PBXVariantGroup section */
		A6DE96E11E6B385500595E70 /* LaunchScreen.storyboard */ = {
			isa = PBXVariantGroup;
			children = (
				A6DE96E21E6B385500595E70 /* Base */,
			);
			name = LaunchScreen.storyboard;
			sourceTree = "<group>";
		};
		A6DE96EF1E6B4EA800595E70 /* Main.storyboard */ = {
			isa = PBXVariantGroup;
			children = (
				A6DE96F01E6B4EA800595E70 /* Base */,
			);
			name = Main.storyboard;
			sourceTree = "<group>";
		};
/* End PBXVariantGroup section */

/* Begin XCBuildConfiguration section */
		A6DE96E51E6B385500595E70 /* Debug */ = {
			isa = XCBuildConfiguration;
			buildSettings = {
				ALWAYS_SEARCH_USER_PATHS = NO;
				CLANG_ANALYZER_NONNULL = YES;
				CLANG_CXX_LANGUAGE_STANDARD = "gnu++0x";
				CLANG_CXX_LIBRARY = "libc++";
				CLANG_ENABLE_MODULES = YES;
				CLANG_ENABLE_OBJC_ARC = YES;
				CLANG_WARN_BOOL_CONVERSION = YES;
				CLANG_WARN_CONSTANT_CONVERSION = YES;
				CLANG_WARN_DIRECT_OBJC_ISA_USAGE = YES_ERROR;
				CLANG_WARN_EMPTY_BODY = YES;
				CLANG_WARN_ENUM_CONVERSION = YES;
				CLANG_WARN_INT_CONVERSION = YES;
				CLANG_WARN_OBJC_ROOT_CLASS = YES_ERROR;
				CLANG_WARN_UNREACHABLE_CODE = YES;
				CLANG_WARN__DUPLICATE_METHOD_MATCH = YES;
				"CODE_SIGN_IDENTITY[sdk=iphoneos*]" = "iPhone Developer";
				COPY_PHASE_STRIP = NO;
				DEBUG_INFORMATION_FORMAT = dwarf;
				ENABLE_STRICT_OBJC_MSGSEND = YES;
				ENABLE_TESTABILITY = YES;
				GCC_C_LANGUAGE_STANDARD = gnu99;
				GCC_DYNAMIC_NO_PIC = NO;
				GCC_NO_COMMON_BLOCKS = YES;
				GCC_OPTIMIZATION_LEVEL = 0;
				GCC_PREPROCESSOR_DEFINITIONS = (
					"DEBUG=1",
					"$(inherited)",
				);
				GCC_WARN_64_TO_32_BIT_CONVERSION = YES;
				GCC_WARN_ABOUT_RETURN_TYPE = YES_ERROR;
				GCC_WARN_UNDECLARED_SELECTOR = YES;
				GCC_WARN_UNINITIALIZED_AUTOS = YES_AGGRESSIVE;
				GCC_WARN_UNUSED_FUNCTION = YES;
				GCC_WARN_UNUSED_VARIABLE = YES;
				IPHONEOS_DEPLOYMENT_TARGET = 9.3;
				MTL_ENABLE_DEBUG_INFO = YES;
				ONLY_ACTIVE_ARCH = YES;
				SDKROOT = iphoneos;
				SWIFT_OPTIMIZATION_LEVEL = "-Onone";
			};
			name = Debug;
		};
		A6DE96E61E6B385500595E70 /* Release */ = {
			isa = XCBuildConfiguration;
			buildSettings = {
				ALWAYS_SEARCH_USER_PATHS = NO;
				CLANG_ANALYZER_NONNULL = YES;
				CLANG_CXX_LANGUAGE_STANDARD = "gnu++0x";
				CLANG_CXX_LIBRARY = "libc++";
				CLANG_ENABLE_MODULES = YES;
				CLANG_ENABLE_OBJC_ARC = YES;
				CLANG_WARN_BOOL_CONVERSION = YES;
				CLANG_WARN_CONSTANT_CONVERSION = YES;
				CLANG_WARN_DIRECT_OBJC_ISA_USAGE = YES_ERROR;
				CLANG_WARN_EMPTY_BODY = YES;
				CLANG_WARN_ENUM_CONVERSION = YES;
				CLANG_WARN_INT_CONVERSION = YES;
				CLANG_WARN_OBJC_ROOT_CLASS = YES_ERROR;
				CLANG_WARN_UNREACHABLE_CODE = YES;
				CLANG_WARN__DUPLICATE_METHOD_MATCH = YES;
				"CODE_SIGN_IDENTITY[sdk=iphoneos*]" = "iPhone Developer";
				COPY_PHASE_STRIP = NO;
				DEBUG_INFORMATION_FORMAT = "dwarf-with-dsym";
				ENABLE_NS_ASSERTIONS = NO;
				ENABLE_STRICT_OBJC_MSGSEND = YES;
				GCC_C_LANGUAGE_STANDARD = gnu99;
				GCC_NO_COMMON_BLOCKS = YES;
				GCC_WARN_64_TO_32_BIT_CONVERSION = YES;
				GCC_WARN_ABOUT_RETURN_TYPE = YES_ERROR;
				GCC_WARN_UNDECLARED_SELECTOR = YES;
				GCC_WARN_UNINITIALIZED_AUTOS = YES_AGGRESSIVE;
				GCC_WARN_UNUSED_FUNCTION = YES;
				GCC_WARN_UNUSED_VARIABLE = YES;
				IPHONEOS_DEPLOYMENT_TARGET = 9.3;
				MTL_ENABLE_DEBUG_INFO = NO;
				SDKROOT = iphoneos;
				VALIDATE_PRODUCT = YES;
			};
			name = Release;
		};
		A6DE96E81E6B385500595E70 /* Debug */ = {
			isa = XCBuildConfiguration;
			buildSettings = {
				ASSETCATALOG_COMPILER_APPICON_NAME = AppIcon;
				INFOPLIST_FILE = "Grocery List/Info.plist";
				LD_RUNPATH_SEARCH_PATHS = "$(inherited) @executable_path/Frameworks";
				PRODUCT_BUNDLE_IDENTIFIER = "vaedprasad.Grocery-List";
				PRODUCT_NAME = "$(TARGET_NAME)";
			};
			name = Debug;
		};
		A6DE96E91E6B385500595E70 /* Release */ = {
			isa = XCBuildConfiguration;
			buildSettings = {
				ASSETCATALOG_COMPILER_APPICON_NAME = AppIcon;
				INFOPLIST_FILE = "Grocery List/Info.plist";
				LD_RUNPATH_SEARCH_PATHS = "$(inherited) @executable_path/Frameworks";
				PRODUCT_BUNDLE_IDENTIFIER = "vaedprasad.Grocery-List";
				PRODUCT_NAME = "$(TARGET_NAME)";
			};
			name = Release;
		};
/* End XCBuildConfiguration section */

/* Begin XCConfigurationList section */
		A6DE96D01E6B385500595E70 /* Build configuration list for PBXProject "Grocery List" */ = {
			isa = XCConfigurationList;
			buildConfigurations = (
				A6DE96E51E6B385500595E70 /* Debug */,
				A6DE96E61E6B385500595E70 /* Release */,
			);
			defaultConfigurationIsVisible = 0;
			defaultConfigurationName = Release;
		};
		A6DE96E71E6B385500595E70 /* Build configuration list for PBXNativeTarget "Grocery List" */ = {
			isa = XCConfigurationList;
			buildConfigurations = (
				A6DE96E81E6B385500595E70 /* Debug */,
				A6DE96E91E6B385500595E70 /* Release */,
			);
			defaultConfigurationIsVisible = 0;
		};
/* End XCConfigurationList section */
	};
	rootObject = A6DE96CD1E6B385500595E70 /* Project object */;
}
